
Microsoft Visual Studio Solution File, Format Version 12.00
# Visual Studio 15
VisualStudioVersion = 15.0.28010.2026
MinimumVisualStudioVersion = 10.0.40219.1
Project("{888888A0-9F3D-457C-B088-3A5042F75D52}") = "GeoPythonNotebooks", "GeoPythonNotebooks.pyproj", "{0A90E3D7-1814-454D-B491-B4B60402F88B}"
EndProject
Global
	GlobalSection(SolutionConfigurationPlatforms) = preSolution
		Debug|Any CPU = Debug|Any CPU
		Release|Any CPU = Release|Any CPU
	EndGlobalSection
	GlobalSection(ProjectConfigurationPlatforms) = postSolution
		{0A90E3D7-1814-454D-B491-B4B60402F88B}.Debug|Any CPU.ActiveCfg = Debug|Any CPU
		{0A90E3D7-1814-454D-B491-B4B60402F88B}.Release|Any CPU.ActiveCfg = Release|Any CPU
	EndGlobalSection
	GlobalSection(SolutionProperties) = preSolution
		HideSolutionNode = FALSE
	EndGlobalSection
	GlobalSection(ExtensibilityGlobals) = postSolution
		SolutionGuid = {18F33A39-9ED3-4139-96D8-5A029F3273C0}
	EndGlobalSection
EndGlobal
